// !$*UTF8*$!
{
	archiveVersion = 1;
	classes = {
	};
	objectVersion = 45;
	objects = {

/* Begin PBXAggregateTarget section */
		E2B637DB10BA539F00BF43E7 /* Build All */ = {
			isa = PBXAggregateTarget;
			buildConfigurationList = E2B637F310BA53BA00BF43E7 /* Build configuration list for PBXAggregateTarget "Build All" */;
			buildPhases = (
			);
			dependencies = (
				E213427010BD055700023F41 /* PBXTargetDependency */,
				E2B637DF10BA53A900BF43E7 /* PBXTargetDependency */,
				E2B637E110BA53AA00BF43E7 /* PBXTargetDependency */,
			);
			name = "Build All";
			productName = "Build All";
		};
/* End PBXAggregateTarget section */

/* Begin PBXBuildFile section */
		8DD76F9C0486AA7600D96B5E /* Foundation.framework in Frameworks */ = {isa = PBXBuildFile; fileRef = 08FB779EFE84155DC02AAC07 /* Foundation.framework */; };
		E213417F10BCF9B800023F41 /* SourceLanguage_ObjCPP.m in Sources */ = {isa = PBXBuildFile; fileRef = E213417E10BCF9B800023F41 /* SourceLanguage_ObjCPP.m */; };
		E213418010BCF9B800023F41 /* SourceLanguage_ObjCPP.m in Sources */ = {isa = PBXBuildFile; fileRef = E213417E10BCF9B800023F41 /* SourceLanguage_ObjCPP.m */; };
		E213426010BD054800023F41 /* SourceLanguage_C.m in Sources */ = {isa = PBXBuildFile; fileRef = E2B6368310BA46C800BF43E7 /* SourceLanguage_C.m */; };
		E213426110BD054800023F41 /* SourceLanguage_CPP.m in Sources */ = {isa = PBXBuildFile; fileRef = E2B6368510BA46C800BF43E7 /* SourceLanguage_CPP.m */; };
		E213426210BD054800023F41 /* SourceLanguage_ObjC.m in Sources */ = {isa = PBXBuildFile; fileRef = E2B6368710BA46C800BF43E7 /* SourceLanguage_ObjC.m */; };
		E213426310BD054800023F41 /* SourceLanguage.m in Sources */ = {isa = PBXBuildFile; fileRef = E2B6368910BA46C800BF43E7 /* SourceLanguage.m */; };
		E213426410BD054800023F41 /* SourceNode.m in Sources */ = {isa = PBXBuildFile; fileRef = E2B6368B10BA46C800BF43E7 /* SourceNode.m */; };
		E213426610BD054800023F41 /* SourceLanguage_Base.m in Sources */ = {isa = PBXBuildFile; fileRef = E2E5BC0D10BB986B004E3745 /* SourceLanguage_Base.m */; };
		E213426710BD054800023F41 /* SourceLanguage_ObjCPP.m in Sources */ = {isa = PBXBuildFile; fileRef = E213417E10BCF9B800023F41 /* SourceLanguage_ObjCPP.m */; };
		E213426910BD054800023F41 /* Foundation.framework in Frameworks */ = {isa = PBXBuildFile; fileRef = 08FB779EFE84155DC02AAC07 /* Foundation.framework */; };
		E213427110BD056000023F41 /* main.m in Sources */ = {isa = PBXBuildFile; fileRef = E213425310BD052800023F41 /* main.m */; };
		E213427F10BD062C00023F41 /* Tests in CopyFiles */ = {isa = PBXBuildFile; fileRef = E213427A10BD061F00023F41 /* Tests */; };
		E2B6368D10BA46C800BF43E7 /* SourceLanguage_C.m in Sources */ = {isa = PBXBuildFile; fileRef = E2B6368310BA46C800BF43E7 /* SourceLanguage_C.m */; };
		E2B6368E10BA46C800BF43E7 /* SourceLanguage_CPP.m in Sources */ = {isa = PBXBuildFile; fileRef = E2B6368510BA46C800BF43E7 /* SourceLanguage_CPP.m */; };
		E2B6368F10BA46C800BF43E7 /* SourceLanguage_ObjC.m in Sources */ = {isa = PBXBuildFile; fileRef = E2B6368710BA46C800BF43E7 /* SourceLanguage_ObjC.m */; };
		E2B6369010BA46C800BF43E7 /* SourceLanguage.m in Sources */ = {isa = PBXBuildFile; fileRef = E2B6368910BA46C800BF43E7 /* SourceLanguage.m */; };
		E2B6369110BA46C800BF43E7 /* SourceNode.m in Sources */ = {isa = PBXBuildFile; fileRef = E2B6368B10BA46C800BF43E7 /* SourceNode.m */; };
		E2B6372410BA539100BF43E7 /* Cocoa.framework in Frameworks */ = {isa = PBXBuildFile; fileRef = E2B6372310BA539100BF43E7 /* Cocoa.framework */; };
		E2B637FC10BA540800BF43E7 /* main.m in Sources */ = {isa = PBXBuildFile; fileRef = E2B637FB10BA540800BF43E7 /* main.m */; };
		E2B637FD10BA541A00BF43E7 /* SourceLanguage_ObjC.m in Sources */ = {isa = PBXBuildFile; fileRef = E2B6368710BA46C800BF43E7 /* SourceLanguage_ObjC.m */; };
		E2B637FE10BA541A00BF43E7 /* SourceLanguage_CPP.m in Sources */ = {isa = PBXBuildFile; fileRef = E2B6368510BA46C800BF43E7 /* SourceLanguage_CPP.m */; };
		E2B637FF10BA541B00BF43E7 /* SourceLanguage_C.m in Sources */ = {isa = PBXBuildFile; fileRef = E2B6368310BA46C800BF43E7 /* SourceLanguage_C.m */; };
		E2B6380010BA541B00BF43E7 /* SourceLanguage.m in Sources */ = {isa = PBXBuildFile; fileRef = E2B6368910BA46C800BF43E7 /* SourceLanguage.m */; };
		E2B6380110BA541C00BF43E7 /* SourceNode.m in Sources */ = {isa = PBXBuildFile; fileRef = E2B6368B10BA46C800BF43E7 /* SourceNode.m */; };
		E2B6380C10BA547D00BF43E7 /* main.m in Sources */ = {isa = PBXBuildFile; fileRef = E2B6380B10BA547D00BF43E7 /* main.m */; };
		E2B6381410BA549800BF43E7 /* MainMenu.xib in Resources */ = {isa = PBXBuildFile; fileRef = E2B6381210BA549800BF43E7 /* MainMenu.xib */; };
		E2B6383610BA554000BF43E7 /* MyDocument.xib in Resources */ = {isa = PBXBuildFile; fileRef = E2B6383410BA554000BF43E7 /* MyDocument.xib */; };
		E2B6383910BA55AB00BF43E7 /* MyDocument.m in Sources */ = {isa = PBXBuildFile; fileRef = E2B6383810BA55AB00BF43E7 /* MyDocument.m */; };
		E2E5BC0E10BB986B004E3745 /* SourceLanguage_Base.m in Sources */ = {isa = PBXBuildFile; fileRef = E2E5BC0D10BB986B004E3745 /* SourceLanguage_Base.m */; };
		E2E5BC0F10BB986B004E3745 /* SourceLanguage_Base.m in Sources */ = {isa = PBXBuildFile; fileRef = E2E5BC0D10BB986B004E3745 /* SourceLanguage_Base.m */; };
/* End PBXBuildFile section */

/* Begin PBXContainerItemProxy section */
		E213426F10BD055700023F41 /* PBXContainerItemProxy */ = {
			isa = PBXContainerItemProxy;
			containerPortal = 08FB7793FE84155DC02AAC07 /* Project object */;
			proxyType = 1;
			remoteGlobalIDString = E213425E10BD054800023F41 /* UnitTests [Tool] */;
			remoteInfo = "UnitTests [Tool]";
		};
		E2B637DE10BA53A900BF43E7 /* PBXContainerItemProxy */ = {
			isa = PBXContainerItemProxy;
			containerPortal = 08FB7793FE84155DC02AAC07 /* Project object */;
			proxyType = 1;
			remoteGlobalIDString = 8DD76F960486AA7600D96B5E;
			remoteInfo = "PolParser [Tool]";
		};
		E2B637E010BA53AA00BF43E7 /* PBXContainerItemProxy */ = {
			isa = PBXContainerItemProxy;
			containerPortal = 08FB7793FE84155DC02AAC07 /* Project object */;
			proxyType = 1;
			remoteGlobalIDString = E2B6371810BA536D00BF43E7;
			remoteInfo = PolParser;
		};
/* End PBXContainerItemProxy section */

/* Begin PBXCopyFilesBuildPhase section */
		E213428610BD064600023F41 /* CopyFiles */ = {
			isa = PBXCopyFilesBuildPhase;
			buildActionMask = 2147483647;
			dstPath = "";
			dstSubfolderSpec = 16;
			files = (
				E213427F10BD062C00023F41 /* Tests in CopyFiles */,
			);
			runOnlyForDeploymentPostprocessing = 0;
		};
/* End PBXCopyFilesBuildPhase section */

/* Begin PBXFileReference section */
		08FB779EFE84155DC02AAC07 /* Foundation.framework */ = {isa = PBXFileReference; lastKnownFileType = wrapper.framework; name = Foundation.framework; path = /System/Library/Frameworks/Foundation.framework; sourceTree = "<absolute>"; };
		32A70AAB03705E1F00C91783 /* Prefix.pch */ = {isa = PBXFileReference; fileEncoding = 4; lastKnownFileType = sourcecode.c.h; path = Prefix.pch; sourceTree = "<group>"; };
		8DD76FA10486AA7600D96B5E /* PolParser */ = {isa = PBXFileReference; explicitFileType = "compiled.mach-o.executable"; includeInIndex = 0; path = PolParser; sourceTree = BUILT_PRODUCTS_DIR; };
		E213417D10BCF9B800023F41 /* SourceLanguage_ObjCPP.h */ = {isa = PBXFileReference; fileEncoding = 4; lastKnownFileType = sourcecode.c.h; path = SourceLanguage_ObjCPP.h; sourceTree = "<group>"; };
		E213417E10BCF9B800023F41 /* SourceLanguage_ObjCPP.m */ = {isa = PBXFileReference; fileEncoding = 4; lastKnownFileType = sourcecode.c.objc; path = SourceLanguage_ObjCPP.m; sourceTree = "<group>"; };
		E213425310BD052800023F41 /* main.m */ = {isa = PBXFileReference; fileEncoding = 4; lastKnownFileType = sourcecode.c.objc; path = main.m; sourceTree = "<group>"; };
		E213426D10BD054800023F41 /* UnitTests */ = {isa = PBXFileReference; explicitFileType = "compiled.mach-o.executable"; includeInIndex = 0; path = UnitTests; sourceTree = BUILT_PRODUCTS_DIR; };
		E213427A10BD061F00023F41 /* Tests */ = {isa = PBXFileReference; lastKnownFileType = folder; path = Tests; sourceTree = "<group>"; };
		E2B6368210BA46C800BF43E7 /* SourceLanguage_C.h */ = {isa = PBXFileReference; fileEncoding = 4; lastKnownFileType = sourcecode.c.h; path = SourceLanguage_C.h; sourceTree = "<group>"; };
		E2B6368310BA46C800BF43E7 /* SourceLanguage_C.m */ = {isa = PBXFileReference; fileEncoding = 4; lastKnownFileType = sourcecode.c.objc; path = SourceLanguage_C.m; sourceTree = "<group>"; };
		E2B6368410BA46C800BF43E7 /* SourceLanguage_CPP.h */ = {isa = PBXFileReference; fileEncoding = 4; lastKnownFileType = sourcecode.c.h; path = SourceLanguage_CPP.h; sourceTree = "<group>"; };
		E2B6368510BA46C800BF43E7 /* SourceLanguage_CPP.m */ = {isa = PBXFileReference; fileEncoding = 4; lastKnownFileType = sourcecode.c.objc; path = SourceLanguage_CPP.m; sourceTree = "<group>"; };
		E2B6368610BA46C800BF43E7 /* SourceLanguage_ObjC.h */ = {isa = PBXFileReference; fileEncoding = 4; lastKnownFileType = sourcecode.c.h; path = SourceLanguage_ObjC.h; sourceTree = "<group>"; };
		E2B6368710BA46C800BF43E7 /* SourceLanguage_ObjC.m */ = {isa = PBXFileReference; fileEncoding = 4; lastKnownFileType = sourcecode.c.objc; path = SourceLanguage_ObjC.m; sourceTree = "<group>"; };
		E2B6368810BA46C800BF43E7 /* SourceLanguage.h */ = {isa = PBXFileReference; fileEncoding = 4; lastKnownFileType = sourcecode.c.h; path = SourceLanguage.h; sourceTree = "<group>"; };
		E2B6368910BA46C800BF43E7 /* SourceLanguage.m */ = {isa = PBXFileReference; fileEncoding = 4; lastKnownFileType = sourcecode.c.objc; path = SourceLanguage.m; sourceTree = "<group>"; };
		E2B6368A10BA46C800BF43E7 /* SourceNode.h */ = {isa = PBXFileReference; fileEncoding = 4; lastKnownFileType = sourcecode.c.h; path = SourceNode.h; sourceTree = "<group>"; };
		E2B6368B10BA46C800BF43E7 /* SourceNode.m */ = {isa = PBXFileReference; fileEncoding = 4; lastKnownFileType = sourcecode.c.objc; path = SourceNode.m; sourceTree = "<group>"; };
		E2B6368C10BA46C800BF43E7 /* SourceParser_Internal.h */ = {isa = PBXFileReference; fileEncoding = 4; lastKnownFileType = sourcecode.c.h; path = SourceParser_Internal.h; sourceTree = "<group>"; };
		E2B6371910BA536D00BF43E7 /* PolParser.app */ = {isa = PBXFileReference; explicitFileType = wrapper.application; includeInIndex = 0; path = PolParser.app; sourceTree = BUILT_PRODUCTS_DIR; };
		E2B6372310BA539100BF43E7 /* Cocoa.framework */ = {isa = PBXFileReference; lastKnownFileType = wrapper.framework; name = Cocoa.framework; path = System/Library/Frameworks/Cocoa.framework; sourceTree = SDKROOT; };
		E2B637F510BA53CB00BF43E7 /* Info.plist */ = {isa = PBXFileReference; fileEncoding = 4; lastKnownFileType = text.plist.xml; path = Info.plist; sourceTree = "<group>"; };
		E2B637FB10BA540800BF43E7 /* main.m */ = {isa = PBXFileReference; fileEncoding = 4; lastKnownFileType = sourcecode.c.objc; path = main.m; sourceTree = "<group>"; };
		E2B6380B10BA547D00BF43E7 /* main.m */ = {isa = PBXFileReference; fileEncoding = 4; lastKnownFileType = sourcecode.c.objc; path = main.m; sourceTree = "<group>"; };
		E2B6381310BA549800BF43E7 /* English */ = {isa = PBXFileReference; lastKnownFileType = file.xib; name = English; path = English.lproj/MainMenu.xib; sourceTree = "<group>"; };
		E2B6383510BA554000BF43E7 /* English */ = {isa = PBXFileReference; lastKnownFileType = file.xib; name = English; path = English.lproj/MyDocument.xib; sourceTree = "<group>"; };
		E2B6383710BA55AB00BF43E7 /* MyDocument.h */ = {isa = PBXFileReference; fileEncoding = 4; lastKnownFileType = sourcecode.c.h; path = MyDocument.h; sourceTree = "<group>"; };
		E2B6383810BA55AB00BF43E7 /* MyDocument.m */ = {isa = PBXFileReference; fileEncoding = 4; lastKnownFileType = sourcecode.c.objc; path = MyDocument.m; sourceTree = "<group>"; };
		E2E5BBED10BB9778004E3745 /* SourceParser.h */ = {isa = PBXFileReference; fileEncoding = 4; lastKnownFileType = sourcecode.c.h; path = SourceParser.h; sourceTree = "<group>"; };
		E2E5BC0C10BB986B004E3745 /* SourceLanguage_Base.h */ = {isa = PBXFileReference; fileEncoding = 4; lastKnownFileType = sourcecode.c.h; path = SourceLanguage_Base.h; sourceTree = "<group>"; };
		E2E5BC0D10BB986B004E3745 /* SourceLanguage_Base.m */ = {isa = PBXFileReference; fileEncoding = 4; lastKnownFileType = sourcecode.c.objc; path = SourceLanguage_Base.m; sourceTree = "<group>"; };
/* End PBXFileReference section */

/* Begin PBXFrameworksBuildPhase section */
		8DD76F9B0486AA7600D96B5E /* Frameworks */ = {
			isa = PBXFrameworksBuildPhase;
			buildActionMask = 2147483647;
			files = (
				8DD76F9C0486AA7600D96B5E /* Foundation.framework in Frameworks */,
			);
			runOnlyForDeploymentPostprocessing = 0;
		};
		E213426810BD054800023F41 /* Frameworks */ = {
			isa = PBXFrameworksBuildPhase;
			buildActionMask = 2147483647;
			files = (
				E213426910BD054800023F41 /* Foundation.framework in Frameworks */,
			);
			runOnlyForDeploymentPostprocessing = 0;
		};
		E2B6371710BA536D00BF43E7 /* Frameworks */ = {
			isa = PBXFrameworksBuildPhase;
			buildActionMask = 2147483647;
			files = (
				E2B6372410BA539100BF43E7 /* Cocoa.framework in Frameworks */,
			);
			runOnlyForDeploymentPostprocessing = 0;
		};
/* End PBXFrameworksBuildPhase section */

/* Begin PBXGroup section */
		08FB7794FE84155DC02AAC07 /* Untitled */ = {
			isa = PBXGroup;
			children = (
				32A70AAB03705E1F00C91783 /* Prefix.pch */,
				E2B6368110BA46C800BF43E7 /* SourceParser */,
				E2B637F410BA53CB00BF43E7 /* Application */,
				E2B637FA10BA540800BF43E7 /* Tool */,
				E213425210BD052800023F41 /* UnitTests */,
				08FB779DFE84155DC02AAC07 /* External Frameworks and Libraries */,
				1AB674ADFE9D54B511CA2CBB /* Products */,
			);
			name = Untitled;
			sourceTree = "<group>";
		};
		08FB779DFE84155DC02AAC07 /* External Frameworks and Libraries */ = {
			isa = PBXGroup;
			children = (
				08FB779EFE84155DC02AAC07 /* Foundation.framework */,
				E2B6372310BA539100BF43E7 /* Cocoa.framework */,
			);
			name = "External Frameworks and Libraries";
			sourceTree = "<group>";
		};
		1AB674ADFE9D54B511CA2CBB /* Products */ = {
			isa = PBXGroup;
			children = (
				8DD76FA10486AA7600D96B5E /* PolParser */,
				E2B6371910BA536D00BF43E7 /* PolParser.app */,
				E213426D10BD054800023F41 /* UnitTests */,
			);
			name = Products;
			sourceTree = "<group>";
		};
		E213425210BD052800023F41 /* UnitTests */ = {
			isa = PBXGroup;
			children = (
				E213425310BD052800023F41 /* main.m */,
				E213427A10BD061F00023F41 /* Tests */,
			);
			path = UnitTests;
			sourceTree = "<group>";
		};
		E2B6368110BA46C800BF43E7 /* SourceParser */ = {
			isa = PBXGroup;
			children = (
				E2B6368C10BA46C800BF43E7 /* SourceParser_Internal.h */,
				E2E5BBED10BB9778004E3745 /* SourceParser.h */,
				E2B6368A10BA46C800BF43E7 /* SourceNode.h */,
				E2B6368B10BA46C800BF43E7 /* SourceNode.m */,
				E2B6368810BA46C800BF43E7 /* SourceLanguage.h */,
				E2B6368910BA46C800BF43E7 /* SourceLanguage.m */,
				E2E5BC0C10BB986B004E3745 /* SourceLanguage_Base.h */,
				E2E5BC0D10BB986B004E3745 /* SourceLanguage_Base.m */,
				E2B6368210BA46C800BF43E7 /* SourceLanguage_C.h */,
				E2B6368310BA46C800BF43E7 /* SourceLanguage_C.m */,
				E2B6368410BA46C800BF43E7 /* SourceLanguage_CPP.h */,
				E2B6368510BA46C800BF43E7 /* SourceLanguage_CPP.m */,
				E2B6368610BA46C800BF43E7 /* SourceLanguage_ObjC.h */,
				E2B6368710BA46C800BF43E7 /* SourceLanguage_ObjC.m */,
				E213417D10BCF9B800023F41 /* SourceLanguage_ObjCPP.h */,
				E213417E10BCF9B800023F41 /* SourceLanguage_ObjCPP.m */,
			);
			path = SourceParser;
			sourceTree = "<group>";
		};
		E2B637F410BA53CB00BF43E7 /* Application */ = {
			isa = PBXGroup;
			children = (
				E2B6383710BA55AB00BF43E7 /* MyDocument.h */,
				E2B6383810BA55AB00BF43E7 /* MyDocument.m */,
				E2B6380B10BA547D00BF43E7 /* main.m */,
				E2B637F510BA53CB00BF43E7 /* Info.plist */,
				E2B6381210BA549800BF43E7 /* MainMenu.xib */,
				E2B6383410BA554000BF43E7 /* MyDocument.xib */,
			);
			path = Application;
			sourceTree = "<group>";
		};
		E2B637FA10BA540800BF43E7 /* Tool */ = {
			isa = PBXGroup;
			children = (
				E2B637FB10BA540800BF43E7 /* main.m */,
			);
			path = Tool;
			sourceTree = "<group>";
		};
/* End PBXGroup section */

/* Begin PBXNativeTarget section */
		8DD76F960486AA7600D96B5E /* PolParser [Tool] */ = {
			isa = PBXNativeTarget;
			buildConfigurationList = 1DEB927408733DD40010E9CD /* Build configuration list for PBXNativeTarget "PolParser [Tool]" */;
			buildPhases = (
				8DD76F990486AA7600D96B5E /* Sources */,
				8DD76F9B0486AA7600D96B5E /* Frameworks */,
			);
			buildRules = (
			);
			dependencies = (
			);
			name = "PolParser [Tool]";
			productInstallPath = "$(HOME)/bin";
			productName = Untitled;
			productReference = 8DD76FA10486AA7600D96B5E /* PolParser */;
			productType = "com.apple.product-type.tool";
		};
		E213425E10BD054800023F41 /* UnitTests */ = {
			isa = PBXNativeTarget;
			buildConfigurationList = E213426A10BD054800023F41 /* Build configuration list for PBXNativeTarget "UnitTests" */;
			buildPhases = (
				E213425F10BD054800023F41 /* Sources */,
				E213426810BD054800023F41 /* Frameworks */,
				E213428610BD064600023F41 /* CopyFiles */,
			);
			buildRules = (
			);
			dependencies = (
			);
			name = UnitTests;
			productInstallPath = "$(HOME)/bin";
			productName = Untitled;
			productReference = E213426D10BD054800023F41 /* UnitTests */;
			productType = "com.apple.product-type.tool";
		};
		E2B6371810BA536D00BF43E7 /* PolParser [Application] */ = {
			isa = PBXNativeTarget;
			buildConfigurationList = E2B6371E10BA536E00BF43E7 /* Build configuration list for PBXNativeTarget "PolParser [Application]" */;
			buildPhases = (
				E2B6371510BA536D00BF43E7 /* Resources */,
				E2B6371610BA536D00BF43E7 /* Sources */,
				E2B6371710BA536D00BF43E7 /* Frameworks */,
			);
			buildRules = (
			);
			dependencies = (
			);
			name = "PolParser [Application]";
			productName = PolParser;
			productReference = E2B6371910BA536D00BF43E7 /* PolParser.app */;
			productType = "com.apple.product-type.application";
		};
/* End PBXNativeTarget section */

/* Begin PBXProject section */
		08FB7793FE84155DC02AAC07 /* Project object */ = {
			isa = PBXProject;
			buildConfigurationList = 1DEB927808733DD40010E9CD /* Build configuration list for PBXProject "PolParser" */;
			compatibilityVersion = "Xcode 3.1";
			hasScannedForEncodings = 1;
			mainGroup = 08FB7794FE84155DC02AAC07 /* Untitled */;
			projectDirPath = "";
			projectRoot = "";
			targets = (
				E2B637DB10BA539F00BF43E7 /* Build All */,
				E213425E10BD054800023F41 /* UnitTests */,
				8DD76F960486AA7600D96B5E /* PolParser [Tool] */,
				E2B6371810BA536D00BF43E7 /* PolParser [Application] */,
			);
		};
/* End PBXProject section */

/* Begin PBXResourcesBuildPhase section */
		E2B6371510BA536D00BF43E7 /* Resources */ = {
			isa = PBXResourcesBuildPhase;
			buildActionMask = 2147483647;
			files = (
				E2B6381410BA549800BF43E7 /* MainMenu.xib in Resources */,
				E2B6383610BA554000BF43E7 /* MyDocument.xib in Resources */,
			);
			runOnlyForDeploymentPostprocessing = 0;
		};
/* End PBXResourcesBuildPhase section */

/* Begin PBXSourcesBuildPhase section */
		8DD76F990486AA7600D96B5E /* Sources */ = {
			isa = PBXSourcesBuildPhase;
			buildActionMask = 2147483647;
			files = (
				E2B6368D10BA46C800BF43E7 /* SourceLanguage_C.m in Sources */,
				E2B6368E10BA46C800BF43E7 /* SourceLanguage_CPP.m in Sources */,
				E2B6368F10BA46C800BF43E7 /* SourceLanguage_ObjC.m in Sources */,
				E2B6369010BA46C800BF43E7 /* SourceLanguage.m in Sources */,
				E2B6369110BA46C800BF43E7 /* SourceNode.m in Sources */,
				E2B637FC10BA540800BF43E7 /* main.m in Sources */,
				E2E5BC0F10BB986B004E3745 /* SourceLanguage_Base.m in Sources */,
				E213417F10BCF9B800023F41 /* SourceLanguage_ObjCPP.m in Sources */,
			);
			runOnlyForDeploymentPostprocessing = 0;
		};
		E213425F10BD054800023F41 /* Sources */ = {
			isa = PBXSourcesBuildPhase;
			buildActionMask = 2147483647;
			files = (
				E213426010BD054800023F41 /* SourceLanguage_C.m in Sources */,
				E213426110BD054800023F41 /* SourceLanguage_CPP.m in Sources */,
				E213426210BD054800023F41 /* SourceLanguage_ObjC.m in Sources */,
				E213426310BD054800023F41 /* SourceLanguage.m in Sources */,
				E213426410BD054800023F41 /* SourceNode.m in Sources */,
				E213426610BD054800023F41 /* SourceLanguage_Base.m in Sources */,
				E213426710BD054800023F41 /* SourceLanguage_ObjCPP.m in Sources */,
				E213427110BD056000023F41 /* main.m in Sources */,
			);
			runOnlyForDeploymentPostprocessing = 0;
		};
		E2B6371610BA536D00BF43E7 /* Sources */ = {
			isa = PBXSourcesBuildPhase;
			buildActionMask = 2147483647;
			files = (
				E2B637FD10BA541A00BF43E7 /* SourceLanguage_ObjC.m in Sources */,
				E2B637FE10BA541A00BF43E7 /* SourceLanguage_CPP.m in Sources */,
				E2B637FF10BA541B00BF43E7 /* SourceLanguage_C.m in Sources */,
				E2B6380010BA541B00BF43E7 /* SourceLanguage.m in Sources */,
				E2B6380110BA541C00BF43E7 /* SourceNode.m in Sources */,
				E2B6380C10BA547D00BF43E7 /* main.m in Sources */,
				E2B6383910BA55AB00BF43E7 /* MyDocument.m in Sources */,
				E2E5BC0E10BB986B004E3745 /* SourceLanguage_Base.m in Sources */,
				E213418010BCF9B800023F41 /* SourceLanguage_ObjCPP.m in Sources */,
			);
			runOnlyForDeploymentPostprocessing = 0;
		};
/* End PBXSourcesBuildPhase section */

/* Begin PBXTargetDependency section */
		E213427010BD055700023F41 /* PBXTargetDependency */ = {
			isa = PBXTargetDependency;
			target = E213425E10BD054800023F41 /* UnitTests */;
			targetProxy = E213426F10BD055700023F41 /* PBXContainerItemProxy */;
		};
		E2B637DF10BA53A900BF43E7 /* PBXTargetDependency */ = {
			isa = PBXTargetDependency;
			target = 8DD76F960486AA7600D96B5E /* PolParser [Tool] */;
			targetProxy = E2B637DE10BA53A900BF43E7 /* PBXContainerItemProxy */;
		};
		E2B637E110BA53AA00BF43E7 /* PBXTargetDependency */ = {
			isa = PBXTargetDependency;
			target = E2B6371810BA536D00BF43E7 /* PolParser [Application] */;
			targetProxy = E2B637E010BA53AA00BF43E7 /* PBXContainerItemProxy */;
		};
/* End PBXTargetDependency section */

/* Begin PBXVariantGroup section */
		E2B6381210BA549800BF43E7 /* MainMenu.xib */ = {
			isa = PBXVariantGroup;
			children = (
				E2B6381310BA549800BF43E7 /* English */,
			);
			name = MainMenu.xib;
			sourceTree = "<group>";
		};
		E2B6383410BA554000BF43E7 /* MyDocument.xib */ = {
			isa = PBXVariantGroup;
			children = (
				E2B6383510BA554000BF43E7 /* English */,
			);
			name = MyDocument.xib;
			sourceTree = "<group>";
		};
/* End PBXVariantGroup section */

/* Begin XCBuildConfiguration section */
		1DEB927508733DD40010E9CD /* Debug */ = {
			isa = XCBuildConfiguration;
			buildSettings = {
				GCC_PRECOMPILE_PREFIX_HEADER = YES;
				GCC_PREFIX_HEADER = Prefix.pch;
				PRODUCT_NAME = PolParser;
			};
			name = Debug;
		};
		1DEB927608733DD40010E9CD /* Release */ = {
			isa = XCBuildConfiguration;
			buildSettings = {
				GCC_PRECOMPILE_PREFIX_HEADER = YES;
				GCC_PREFIX_HEADER = Prefix.pch;
				PRODUCT_NAME = PolParser;
			};
			name = Release;
		};
		1DEB927908733DD40010E9CD /* Debug */ = {
			isa = XCBuildConfiguration;
			buildSettings = {
				ALWAYS_SEARCH_USER_PATHS = NO;
				ARCHS = "$(ARCHS_STANDARD_32_64_BIT)";
				GCC_C_LANGUAGE_STANDARD = gnu99;
				GCC_MODEL_TUNING = G5;
				GCC_OPTIMIZATION_LEVEL = 0;
				ONLY_ACTIVE_ARCH = YES;
				SDKROOT = macosx10.5;
				WARNING_CFLAGS = "-Wall";
			};
			name = Debug;
		};
		1DEB927A08733DD40010E9CD /* Release */ = {
			isa = XCBuildConfiguration;
			buildSettings = {
				ALWAYS_SEARCH_USER_PATHS = NO;
				ARCHS = "$(ARCHS_STANDARD_32_64_BIT)";
				DEBUG_INFORMATION_FORMAT = "dwarf-with-dsym";
				GCC_C_LANGUAGE_STANDARD = gnu99;
				GCC_MODEL_TUNING = G5;
				SDKROOT = macosx10.5;
				WARNING_CFLAGS = "-Wall";
			};
			name = Release;
		};
		E213426B10BD054800023F41 /* Debug */ = {
			isa = XCBuildConfiguration;
			buildSettings = {
				GCC_PRECOMPILE_PREFIX_HEADER = YES;
				GCC_PREFIX_HEADER = Prefix.pch;
				PRODUCT_NAME = UnitTests;
			};
			name = Debug;
		};
		E213426C10BD054800023F41 /* Release */ = {
			isa = XCBuildConfiguration;
			buildSettings = {
				GCC_PRECOMPILE_PREFIX_HEADER = YES;
				GCC_PREFIX_HEADER = Prefix.pch;
				PRODUCT_NAME = UnitTests;
			};
			name = Release;
		};
		E2B6371C10BA536E00BF43E7 /* Debug */ = {
			isa = XCBuildConfiguration;
			buildSettings = {
				GCC_PRECOMPILE_PREFIX_HEADER = YES;
				GCC_PREFIX_HEADER = Prefix.pch;
				INFOPLIST_FILE = Application/Info.plist;
				PRODUCT_NAME = PolParser;
			};
			name = Debug;
		};
		E2B6371D10BA536E00BF43E7 /* Release */ = {
			isa = XCBuildConfiguration;
			buildSettings = {
				GCC_PRECOMPILE_PREFIX_HEADER = YES;
				GCC_PREFIX_HEADER = Prefix.pch;
				INFOPLIST_FILE = Application/Info.plist;
				PRODUCT_NAME = PolParser;
			};
			name = Release;
		};
		E2B637DC10BA539F00BF43E7 /* Debug */ = {
			isa = XCBuildConfiguration;
			buildSettings = {
				PRODUCT_NAME = "Build All";
			};
			name = Debug;
		};
		E2B637DD10BA539F00BF43E7 /* Release */ = {
			isa = XCBuildConfiguration;
			buildSettings = {
				PRODUCT_NAME = "Build All";
			};
			name = Release;
		};
/* End XCBuildConfiguration section */

/* Begin XCConfigurationList section */
		1DEB927408733DD40010E9CD /* Build configuration list for PBXNativeTarget "PolParser [Tool]" */ = {
			isa = XCConfigurationList;
			buildConfigurations = (
				1DEB927508733DD40010E9CD /* Debug */,
				1DEB927608733DD40010E9CD /* Release */,
			);
			defaultConfigurationIsVisible = 0;
			defaultConfigurationName = Release;
		};
		1DEB927808733DD40010E9CD /* Build configuration list for PBXProject "PolParser" */ = {
			isa = XCConfigurationList;
			buildConfigurations = (
				1DEB927908733DD40010E9CD /* Debug */,
				1DEB927A08733DD40010E9CD /* Release */,
			);
			defaultConfigurationIsVisible = 0;
			defaultConfigurationName = Release;
		};
		E213426A10BD054800023F41 /* Build configuration list for PBXNativeTarget "UnitTests" */ = {
			isa = XCConfigurationList;
			buildConfigurations = (
				E213426B10BD054800023F41 /* Debug */,
				E213426C10BD054800023F41 /* Release */,
			);
			defaultConfigurationIsVisible = 0;
			defaultConfigurationName = Release;
		};
		E2B6371E10BA536E00BF43E7 /* Build configuration list for PBXNativeTarget "PolParser [Application]" */ = {
			isa = XCConfigurationList;
			buildConfigurations = (
				E2B6371C10BA536E00BF43E7 /* Debug */,
				E2B6371D10BA536E00BF43E7 /* Release */,
			);
			defaultConfigurationIsVisible = 0;
			defaultConfigurationName = Release;
		};
		E2B637F310BA53BA00BF43E7 /* Build configuration list for PBXAggregateTarget "Build All" */ = {
			isa = XCConfigurationList;
			buildConfigurations = (
				E2B637DC10BA539F00BF43E7 /* Debug */,
				E2B637DD10BA539F00BF43E7 /* Release */,
			);
			defaultConfigurationIsVisible = 0;
			defaultConfigurationName = Release;
		};
/* End XCConfigurationList section */
	};
	rootObject = 08FB7793FE84155DC02AAC07 /* Project object */;
}
