// !$*UTF8*$!
{
	archiveVersion = 1;
	classes = {
	};
	objectVersion = 45;
	objects = {

/* Begin PBXAggregateTarget section */
		E2B637DB10BA539F00BF43E7 /* Build All */ = {
			isa = PBXAggregateTarget;
			buildConfigurationList = E2B637F310BA53BA00BF43E7 /* Build configuration list for PBXAggregateTarget "Build All" */;
			buildPhases = (
			);
			dependencies = (
				E213427010BD055700023F41 /* PBXTargetDependency */,
				E2B637DF10BA53A900BF43E7 /* PBXTargetDependency */,
				E2B637E110BA53AA00BF43E7 /* PBXTargetDependency */,
			);
			name = "Build All";
			productName = "Build All";
		};
/* End PBXAggregateTarget section */

/* Begin PBXBuildFile section */
		8DD76F9C0486AA7600D96B5E /* Foundation.framework in Frameworks */ = {isa = PBXBuildFile; fileRef = 08FB779EFE84155DC02AAC07 /* Foundation.framework */; };
		E213426910BD054800023F41 /* Foundation.framework in Frameworks */ = {isa = PBXBuildFile; fileRef = 08FB779EFE84155DC02AAC07 /* Foundation.framework */; };
		E213427110BD056000023F41 /* main.m in Sources */ = {isa = PBXBuildFile; fileRef = E213425310BD052800023F41 /* main.m */; };
		E21AAB6F10C0D43F00471B14 /* JavaScriptCore.framework in Frameworks */ = {isa = PBXBuildFile; fileRef = E2D08E3F10BEA7C7004151B9 /* JavaScriptCore.framework */; };
		E21AAB9310C0D46C00471B14 /* JavaScriptBindings in CopyFiles */ = {isa = PBXBuildFile; fileRef = E21AAB7810C0D45000471B14 /* JavaScriptBindings */; };
		E236880210C426FC00F5F923 /* JavaScriptBindings.m in Sources */ = {isa = PBXBuildFile; fileRef = E236880110C426FC00F5F923 /* JavaScriptBindings.m */; };
		E236880310C426FC00F5F923 /* JavaScriptBindings.m in Sources */ = {isa = PBXBuildFile; fileRef = E236880110C426FC00F5F923 /* JavaScriptBindings.m */; };
		E236881F10C427E100F5F923 /* ParserNodeBindings.m in Sources */ = {isa = PBXBuildFile; fileRef = E236881E10C427E100F5F923 /* ParserNodeBindings.m */; };
		E236882010C427E100F5F923 /* ParserNodeBindings.m in Sources */ = {isa = PBXBuildFile; fileRef = E236881E10C427E100F5F923 /* ParserNodeBindings.m */; };
		E236882B10C42A9F00F5F923 /* DictionaryBindings.m in Sources */ = {isa = PBXBuildFile; fileRef = E236882A10C42A9F00F5F923 /* DictionaryBindings.m */; };
		E236882C10C42A9F00F5F923 /* DictionaryBindings.m in Sources */ = {isa = PBXBuildFile; fileRef = E236882A10C42A9F00F5F923 /* DictionaryBindings.m */; };
		E25057DE10C655E6007D0B9F /* ParserLanguage_SGML.m in Sources */ = {isa = PBXBuildFile; fileRef = E25057DD10C655E6007D0B9F /* ParserLanguage_SGML.m */; };
		E25057DF10C655E6007D0B9F /* ParserLanguage_SGML.m in Sources */ = {isa = PBXBuildFile; fileRef = E25057DD10C655E6007D0B9F /* ParserLanguage_SGML.m */; };
		E25057E010C655E6007D0B9F /* ParserLanguage_SGML.m in Sources */ = {isa = PBXBuildFile; fileRef = E25057DD10C655E6007D0B9F /* ParserLanguage_SGML.m */; };
		E250593910C79162007D0B9F /* ParserLanguage_CSV.m in Sources */ = {isa = PBXBuildFile; fileRef = E250593810C79162007D0B9F /* ParserLanguage_CSV.m */; };
		E250593A10C79162007D0B9F /* ParserLanguage_CSV.m in Sources */ = {isa = PBXBuildFile; fileRef = E250593810C79162007D0B9F /* ParserLanguage_CSV.m */; };
		E250593B10C79162007D0B9F /* ParserLanguage_CSV.m in Sources */ = {isa = PBXBuildFile; fileRef = E250593810C79162007D0B9F /* ParserLanguage_CSV.m */; };
		E2505BE810C7B3F3007D0B9F /* ParserLanguage_RSS.m in Sources */ = {isa = PBXBuildFile; fileRef = E2505BE710C7B3F3007D0B9F /* ParserLanguage_RSS.m */; };
		E2505BE910C7B3F3007D0B9F /* ParserLanguage_RSS.m in Sources */ = {isa = PBXBuildFile; fileRef = E2505BE710C7B3F3007D0B9F /* ParserLanguage_RSS.m */; };
		E2505BEA10C7B3F3007D0B9F /* ParserLanguage_RSS.m in Sources */ = {isa = PBXBuildFile; fileRef = E2505BE710C7B3F3007D0B9F /* ParserLanguage_RSS.m */; };
		E2505BF910C7B4A3007D0B9F /* ParserLanguage_PropertyList.m in Sources */ = {isa = PBXBuildFile; fileRef = E2505BF810C7B4A3007D0B9F /* ParserLanguage_PropertyList.m */; };
		E2505BFA10C7B4A3007D0B9F /* ParserLanguage_PropertyList.m in Sources */ = {isa = PBXBuildFile; fileRef = E2505BF810C7B4A3007D0B9F /* ParserLanguage_PropertyList.m */; };
		E2505BFB10C7B4A3007D0B9F /* ParserLanguage_PropertyList.m in Sources */ = {isa = PBXBuildFile; fileRef = E2505BF810C7B4A3007D0B9F /* ParserLanguage_PropertyList.m */; };
		E28906CB10C950ED0044693C /* ParserLanguage_JSON.m in Sources */ = {isa = PBXBuildFile; fileRef = E28906CA10C950ED0044693C /* ParserLanguage_JSON.m */; };
		E28906CC10C950ED0044693C /* ParserLanguage_JSON.m in Sources */ = {isa = PBXBuildFile; fileRef = E28906CA10C950ED0044693C /* ParserLanguage_JSON.m */; };
		E28906CD10C950ED0044693C /* ParserLanguage_JSON.m in Sources */ = {isa = PBXBuildFile; fileRef = E28906CA10C950ED0044693C /* ParserLanguage_JSON.m */; };
		E28906F410C956060044693C /* ParserLanguageExtensions.m in Sources */ = {isa = PBXBuildFile; fileRef = E28906F310C956060044693C /* ParserLanguageExtensions.m */; };
		E28906F510C956060044693C /* ParserLanguageExtensions.m in Sources */ = {isa = PBXBuildFile; fileRef = E28906F310C956060044693C /* ParserLanguageExtensions.m */; };
		E28906F610C956060044693C /* ParserLanguageExtensions.m in Sources */ = {isa = PBXBuildFile; fileRef = E28906F310C956060044693C /* ParserLanguageExtensions.m */; };
		E289076810C958230044693C /* ParserLanguage_Text.m in Sources */ = {isa = PBXBuildFile; fileRef = E289076710C958230044693C /* ParserLanguage_Text.m */; };
		E289076910C958230044693C /* ParserLanguage_Text.m in Sources */ = {isa = PBXBuildFile; fileRef = E289076710C958230044693C /* ParserLanguage_Text.m */; };
		E289076A10C958230044693C /* ParserLanguage_Text.m in Sources */ = {isa = PBXBuildFile; fileRef = E289076710C958230044693C /* ParserLanguage_Text.m */; };
		E2903E3D10C53F5100CE0DD9 /* ParserLanguage_C.m in Sources */ = {isa = PBXBuildFile; fileRef = E2903E2A10C53F5100CE0DD9 /* ParserLanguage_C.m */; };
		E2903E3E10C53F5100CE0DD9 /* ParserLanguage_CPP.m in Sources */ = {isa = PBXBuildFile; fileRef = E2903E2C10C53F5100CE0DD9 /* ParserLanguage_CPP.m */; };
		E2903E3F10C53F5100CE0DD9 /* ParserLanguage_HTML.m in Sources */ = {isa = PBXBuildFile; fileRef = E2903E2E10C53F5100CE0DD9 /* ParserLanguage_HTML.m */; };
		E2903E4010C53F5100CE0DD9 /* ParserLanguage_ObjC.m in Sources */ = {isa = PBXBuildFile; fileRef = E2903E3010C53F5100CE0DD9 /* ParserLanguage_ObjC.m */; };
		E2903E4110C53F5100CE0DD9 /* ParserLanguage_ObjCPP.m in Sources */ = {isa = PBXBuildFile; fileRef = E2903E3210C53F5100CE0DD9 /* ParserLanguage_ObjCPP.m */; };
		E2903E4210C53F5100CE0DD9 /* ParserLanguage_XML.m in Sources */ = {isa = PBXBuildFile; fileRef = E2903E3410C53F5100CE0DD9 /* ParserLanguage_XML.m */; };
		E2903E4310C53F5100CE0DD9 /* ParserLanguage.m in Sources */ = {isa = PBXBuildFile; fileRef = E2903E3910C53F5100CE0DD9 /* ParserLanguage.m */; };
		E2903E4410C53F5100CE0DD9 /* ParserNode.m in Sources */ = {isa = PBXBuildFile; fileRef = E2903E3B10C53F5100CE0DD9 /* ParserNode.m */; };
		E2903E4610C53F5100CE0DD9 /* ParserLanguage_C.m in Sources */ = {isa = PBXBuildFile; fileRef = E2903E2A10C53F5100CE0DD9 /* ParserLanguage_C.m */; };
		E2903E4710C53F5100CE0DD9 /* ParserLanguage_CPP.m in Sources */ = {isa = PBXBuildFile; fileRef = E2903E2C10C53F5100CE0DD9 /* ParserLanguage_CPP.m */; };
		E2903E4810C53F5100CE0DD9 /* ParserLanguage_HTML.m in Sources */ = {isa = PBXBuildFile; fileRef = E2903E2E10C53F5100CE0DD9 /* ParserLanguage_HTML.m */; };
		E2903E4910C53F5100CE0DD9 /* ParserLanguage_ObjC.m in Sources */ = {isa = PBXBuildFile; fileRef = E2903E3010C53F5100CE0DD9 /* ParserLanguage_ObjC.m */; };
		E2903E4A10C53F5100CE0DD9 /* ParserLanguage_ObjCPP.m in Sources */ = {isa = PBXBuildFile; fileRef = E2903E3210C53F5100CE0DD9 /* ParserLanguage_ObjCPP.m */; };
		E2903E4B10C53F5100CE0DD9 /* ParserLanguage_XML.m in Sources */ = {isa = PBXBuildFile; fileRef = E2903E3410C53F5100CE0DD9 /* ParserLanguage_XML.m */; };
		E2903E4C10C53F5100CE0DD9 /* ParserLanguage.m in Sources */ = {isa = PBXBuildFile; fileRef = E2903E3910C53F5100CE0DD9 /* ParserLanguage.m */; };
		E2903E4D10C53F5100CE0DD9 /* ParserNode.m in Sources */ = {isa = PBXBuildFile; fileRef = E2903E3B10C53F5100CE0DD9 /* ParserNode.m */; };
		E2903E4F10C53F5100CE0DD9 /* ParserLanguage_C.m in Sources */ = {isa = PBXBuildFile; fileRef = E2903E2A10C53F5100CE0DD9 /* ParserLanguage_C.m */; };
		E2903E5010C53F5100CE0DD9 /* ParserLanguage_CPP.m in Sources */ = {isa = PBXBuildFile; fileRef = E2903E2C10C53F5100CE0DD9 /* ParserLanguage_CPP.m */; };
		E2903E5110C53F5100CE0DD9 /* ParserLanguage_HTML.m in Sources */ = {isa = PBXBuildFile; fileRef = E2903E2E10C53F5100CE0DD9 /* ParserLanguage_HTML.m */; };
		E2903E5210C53F5100CE0DD9 /* ParserLanguage_ObjC.m in Sources */ = {isa = PBXBuildFile; fileRef = E2903E3010C53F5100CE0DD9 /* ParserLanguage_ObjC.m */; };
		E2903E5310C53F5100CE0DD9 /* ParserLanguage_ObjCPP.m in Sources */ = {isa = PBXBuildFile; fileRef = E2903E3210C53F5100CE0DD9 /* ParserLanguage_ObjCPP.m */; };
		E2903E5410C53F5100CE0DD9 /* ParserLanguage_XML.m in Sources */ = {isa = PBXBuildFile; fileRef = E2903E3410C53F5100CE0DD9 /* ParserLanguage_XML.m */; };
		E2903E5510C53F5100CE0DD9 /* ParserLanguage.m in Sources */ = {isa = PBXBuildFile; fileRef = E2903E3910C53F5100CE0DD9 /* ParserLanguage.m */; };
		E2903E5610C53F5100CE0DD9 /* ParserNode.m in Sources */ = {isa = PBXBuildFile; fileRef = E2903E3B10C53F5100CE0DD9 /* ParserNode.m */; };
		E2903EA410C5400900CE0DD9 /* Parser in CopyFiles */ = {isa = PBXBuildFile; fileRef = E2903E8E10C53FFE00CE0DD9 /* Parser */; };
		E2B6372410BA539100BF43E7 /* Cocoa.framework in Frameworks */ = {isa = PBXBuildFile; fileRef = E2B6372310BA539100BF43E7 /* Cocoa.framework */; };
		E2B637FC10BA540800BF43E7 /* main.m in Sources */ = {isa = PBXBuildFile; fileRef = E2B637FB10BA540800BF43E7 /* main.m */; };
		E2B6380C10BA547D00BF43E7 /* main.m in Sources */ = {isa = PBXBuildFile; fileRef = E2B6380B10BA547D00BF43E7 /* main.m */; };
		E2B6381410BA549800BF43E7 /* MainMenu.xib in Resources */ = {isa = PBXBuildFile; fileRef = E2B6381210BA549800BF43E7 /* MainMenu.xib */; };
		E2B6383610BA554000BF43E7 /* MyDocument.xib in Resources */ = {isa = PBXBuildFile; fileRef = E2B6383410BA554000BF43E7 /* MyDocument.xib */; };
		E2B6383910BA55AB00BF43E7 /* MyDocument.m in Sources */ = {isa = PBXBuildFile; fileRef = E2B6383810BA55AB00BF43E7 /* MyDocument.m */; };
		E2D08E4010BEA7C7004151B9 /* JavaScriptCore.framework in Frameworks */ = {isa = PBXBuildFile; fileRef = E2D08E3F10BEA7C7004151B9 /* JavaScriptCore.framework */; };
/* End PBXBuildFile section */

/* Begin PBXContainerItemProxy section */
		E213426F10BD055700023F41 /* PBXContainerItemProxy */ = {
			isa = PBXContainerItemProxy;
			containerPortal = 08FB7793FE84155DC02AAC07 /* Project object */;
			proxyType = 1;
			remoteGlobalIDString = E213425E10BD054800023F41;
			remoteInfo = "UnitTests [Tool]";
		};
		E2B637DE10BA53A900BF43E7 /* PBXContainerItemProxy */ = {
			isa = PBXContainerItemProxy;
			containerPortal = 08FB7793FE84155DC02AAC07 /* Project object */;
			proxyType = 1;
			remoteGlobalIDString = 8DD76F960486AA7600D96B5E;
			remoteInfo = "PolParser [Tool]";
		};
		E2B637E010BA53AA00BF43E7 /* PBXContainerItemProxy */ = {
			isa = PBXContainerItemProxy;
			containerPortal = 08FB7793FE84155DC02AAC07 /* Project object */;
			proxyType = 1;
			remoteGlobalIDString = E2B6371810BA536D00BF43E7;
			remoteInfo = PolParser;
		};
/* End PBXContainerItemProxy section */

/* Begin PBXCopyFilesBuildPhase section */
		E213428610BD064600023F41 /* CopyFiles */ = {
			isa = PBXCopyFilesBuildPhase;
			buildActionMask = 2147483647;
			dstPath = "";
			dstSubfolderSpec = 16;
			files = (
				E2903EA410C5400900CE0DD9 /* Parser in CopyFiles */,
				E21AAB9310C0D46C00471B14 /* JavaScriptBindings in CopyFiles */,
			);
			runOnlyForDeploymentPostprocessing = 0;
		};
/* End PBXCopyFilesBuildPhase section */

/* Begin PBXFileReference section */
		08FB779EFE84155DC02AAC07 /* Foundation.framework */ = {isa = PBXFileReference; lastKnownFileType = wrapper.framework; name = Foundation.framework; path = /System/Library/Frameworks/Foundation.framework; sourceTree = "<absolute>"; };
		32A70AAB03705E1F00C91783 /* Prefix.pch */ = {isa = PBXFileReference; fileEncoding = 4; lastKnownFileType = sourcecode.c.h; path = Prefix.pch; sourceTree = "<group>"; };
		8DD76FA10486AA7600D96B5E /* PolParser */ = {isa = PBXFileReference; explicitFileType = "compiled.mach-o.executable"; includeInIndex = 0; path = PolParser; sourceTree = BUILT_PRODUCTS_DIR; };
		E213425310BD052800023F41 /* main.m */ = {isa = PBXFileReference; fileEncoding = 4; lastKnownFileType = sourcecode.c.objc; path = main.m; sourceTree = "<group>"; };
		E213426D10BD054800023F41 /* UnitTests */ = {isa = PBXFileReference; explicitFileType = "compiled.mach-o.executable"; includeInIndex = 0; path = UnitTests; sourceTree = BUILT_PRODUCTS_DIR; };
		E21AAB7810C0D45000471B14 /* JavaScriptBindings */ = {isa = PBXFileReference; lastKnownFileType = folder; path = JavaScriptBindings; sourceTree = "<group>"; };
		E236880110C426FC00F5F923 /* JavaScriptBindings.m */ = {isa = PBXFileReference; fileEncoding = 4; lastKnownFileType = sourcecode.c.objc; path = JavaScriptBindings.m; sourceTree = "<group>"; };
		E236880C10C4270B00F5F923 /* JavaScriptBindings.h */ = {isa = PBXFileReference; fileEncoding = 4; lastKnownFileType = sourcecode.c.h; path = JavaScriptBindings.h; sourceTree = "<group>"; };
		E236881E10C427E100F5F923 /* ParserNodeBindings.m */ = {isa = PBXFileReference; fileEncoding = 4; lastKnownFileType = sourcecode.c.objc; path = ParserNodeBindings.m; sourceTree = "<group>"; };
		E236882A10C42A9F00F5F923 /* DictionaryBindings.m */ = {isa = PBXFileReference; fileEncoding = 4; lastKnownFileType = sourcecode.c.objc; path = DictionaryBindings.m; sourceTree = "<group>"; };
		E236883710C42BD900F5F923 /* JavaScriptBindings_Internal.h */ = {isa = PBXFileReference; fileEncoding = 4; lastKnownFileType = sourcecode.c.h; path = JavaScriptBindings_Internal.h; sourceTree = "<group>"; };
		E25057DC10C655E6007D0B9F /* ParserLanguage_SGML.h */ = {isa = PBXFileReference; fileEncoding = 4; lastKnownFileType = sourcecode.c.h; path = ParserLanguage_SGML.h; sourceTree = "<group>"; };
		E25057DD10C655E6007D0B9F /* ParserLanguage_SGML.m */ = {isa = PBXFileReference; fileEncoding = 4; lastKnownFileType = sourcecode.c.objc; path = ParserLanguage_SGML.m; sourceTree = "<group>"; };
		E250593710C79162007D0B9F /* ParserLanguage_CSV.h */ = {isa = PBXFileReference; fileEncoding = 4; lastKnownFileType = sourcecode.c.h; path = ParserLanguage_CSV.h; sourceTree = "<group>"; };
		E250593810C79162007D0B9F /* ParserLanguage_CSV.m */ = {isa = PBXFileReference; fileEncoding = 4; lastKnownFileType = sourcecode.c.objc; path = ParserLanguage_CSV.m; sourceTree = "<group>"; };
		E2505BE610C7B3F3007D0B9F /* ParserLanguage_RSS.h */ = {isa = PBXFileReference; fileEncoding = 4; lastKnownFileType = sourcecode.c.h; path = ParserLanguage_RSS.h; sourceTree = "<group>"; };
		E2505BE710C7B3F3007D0B9F /* ParserLanguage_RSS.m */ = {isa = PBXFileReference; fileEncoding = 4; lastKnownFileType = sourcecode.c.objc; path = ParserLanguage_RSS.m; sourceTree = "<group>"; };
		E2505BF710C7B4A3007D0B9F /* ParserLanguage_PropertyList.h */ = {isa = PBXFileReference; fileEncoding = 4; lastKnownFileType = sourcecode.c.h; path = ParserLanguage_PropertyList.h; sourceTree = "<group>"; };
		E2505BF810C7B4A3007D0B9F /* ParserLanguage_PropertyList.m */ = {isa = PBXFileReference; fileEncoding = 4; lastKnownFileType = sourcecode.c.objc; path = ParserLanguage_PropertyList.m; sourceTree = "<group>"; };
		E28906C910C950ED0044693C /* ParserLanguage_JSON.h */ = {isa = PBXFileReference; fileEncoding = 4; lastKnownFileType = sourcecode.c.h; path = ParserLanguage_JSON.h; sourceTree = "<group>"; };
		E28906CA10C950ED0044693C /* ParserLanguage_JSON.m */ = {isa = PBXFileReference; fileEncoding = 4; lastKnownFileType = sourcecode.c.objc; path = ParserLanguage_JSON.m; sourceTree = "<group>"; };
		E28906F210C956060044693C /* ParserLanguageExtensions.h */ = {isa = PBXFileReference; fileEncoding = 4; lastKnownFileType = sourcecode.c.h; path = ParserLanguageExtensions.h; sourceTree = "<group>"; };
		E28906F310C956060044693C /* ParserLanguageExtensions.m */ = {isa = PBXFileReference; fileEncoding = 4; lastKnownFileType = sourcecode.c.objc; path = ParserLanguageExtensions.m; sourceTree = "<group>"; };
		E289076610C958230044693C /* ParserLanguage_Text.h */ = {isa = PBXFileReference; fileEncoding = 4; lastKnownFileType = sourcecode.c.h; path = ParserLanguage_Text.h; sourceTree = "<group>"; };
		E289076710C958230044693C /* ParserLanguage_Text.m */ = {isa = PBXFileReference; fileEncoding = 4; lastKnownFileType = sourcecode.c.objc; path = ParserLanguage_Text.m; sourceTree = "<group>"; };
		E2903E2910C53F5100CE0DD9 /* ParserLanguage_C.h */ = {isa = PBXFileReference; fileEncoding = 4; lastKnownFileType = sourcecode.c.h; path = ParserLanguage_C.h; sourceTree = "<group>"; };
		E2903E2A10C53F5100CE0DD9 /* ParserLanguage_C.m */ = {isa = PBXFileReference; fileEncoding = 4; lastKnownFileType = sourcecode.c.objc; path = ParserLanguage_C.m; sourceTree = "<group>"; };
		E2903E2B10C53F5100CE0DD9 /* ParserLanguage_CPP.h */ = {isa = PBXFileReference; fileEncoding = 4; lastKnownFileType = sourcecode.c.h; path = ParserLanguage_CPP.h; sourceTree = "<group>"; };
		E2903E2C10C53F5100CE0DD9 /* ParserLanguage_CPP.m */ = {isa = PBXFileReference; fileEncoding = 4; lastKnownFileType = sourcecode.c.objc; path = ParserLanguage_CPP.m; sourceTree = "<group>"; };
		E2903E2D10C53F5100CE0DD9 /* ParserLanguage_HTML.h */ = {isa = PBXFileReference; fileEncoding = 4; lastKnownFileType = sourcecode.c.h; path = ParserLanguage_HTML.h; sourceTree = "<group>"; };
		E2903E2E10C53F5100CE0DD9 /* ParserLanguage_HTML.m */ = {isa = PBXFileReference; fileEncoding = 4; lastKnownFileType = sourcecode.c.objc; path = ParserLanguage_HTML.m; sourceTree = "<group>"; };
		E2903E2F10C53F5100CE0DD9 /* ParserLanguage_ObjC.h */ = {isa = PBXFileReference; fileEncoding = 4; lastKnownFileType = sourcecode.c.h; path = ParserLanguage_ObjC.h; sourceTree = "<group>"; };
		E2903E3010C53F5100CE0DD9 /* ParserLanguage_ObjC.m */ = {isa = PBXFileReference; fileEncoding = 4; lastKnownFileType = sourcecode.c.objc; path = ParserLanguage_ObjC.m; sourceTree = "<group>"; };
		E2903E3110C53F5100CE0DD9 /* ParserLanguage_ObjCPP.h */ = {isa = PBXFileReference; fileEncoding = 4; lastKnownFileType = sourcecode.c.h; path = ParserLanguage_ObjCPP.h; sourceTree = "<group>"; };
		E2903E3210C53F5100CE0DD9 /* ParserLanguage_ObjCPP.m */ = {isa = PBXFileReference; fileEncoding = 4; lastKnownFileType = sourcecode.c.objc; path = ParserLanguage_ObjCPP.m; sourceTree = "<group>"; };
		E2903E3310C53F5100CE0DD9 /* ParserLanguage_XML.h */ = {isa = PBXFileReference; fileEncoding = 4; lastKnownFileType = sourcecode.c.h; path = ParserLanguage_XML.h; sourceTree = "<group>"; };
		E2903E3410C53F5100CE0DD9 /* ParserLanguage_XML.m */ = {isa = PBXFileReference; fileEncoding = 4; lastKnownFileType = sourcecode.c.objc; path = ParserLanguage_XML.m; sourceTree = "<group>"; };
		E2903E3710C53F5100CE0DD9 /* Parser_Internal.h */ = {isa = PBXFileReference; fileEncoding = 4; lastKnownFileType = sourcecode.c.h; path = Parser_Internal.h; sourceTree = "<group>"; };
		E2903E3810C53F5100CE0DD9 /* ParserLanguage.h */ = {isa = PBXFileReference; fileEncoding = 4; lastKnownFileType = sourcecode.c.h; path = ParserLanguage.h; sourceTree = "<group>"; };
		E2903E3910C53F5100CE0DD9 /* ParserLanguage.m */ = {isa = PBXFileReference; fileEncoding = 4; lastKnownFileType = sourcecode.c.objc; path = ParserLanguage.m; sourceTree = "<group>"; };
		E2903E3A10C53F5100CE0DD9 /* ParserNode.h */ = {isa = PBXFileReference; fileEncoding = 4; lastKnownFileType = sourcecode.c.h; path = ParserNode.h; sourceTree = "<group>"; };
		E2903E3B10C53F5100CE0DD9 /* ParserNode.m */ = {isa = PBXFileReference; fileEncoding = 4; lastKnownFileType = sourcecode.c.objc; path = ParserNode.m; sourceTree = "<group>"; };
		E2903E8E10C53FFE00CE0DD9 /* Parser */ = {isa = PBXFileReference; lastKnownFileType = folder; path = Parser; sourceTree = "<group>"; };
		E2B6371910BA536D00BF43E7 /* PolParser.app */ = {isa = PBXFileReference; explicitFileType = wrapper.application; includeInIndex = 0; path = PolParser.app; sourceTree = BUILT_PRODUCTS_DIR; };
		E2B6372310BA539100BF43E7 /* Cocoa.framework */ = {isa = PBXFileReference; lastKnownFileType = wrapper.framework; name = Cocoa.framework; path = System/Library/Frameworks/Cocoa.framework; sourceTree = SDKROOT; };
		E2B637F510BA53CB00BF43E7 /* Info.plist */ = {isa = PBXFileReference; fileEncoding = 4; lastKnownFileType = text.plist.xml; path = Info.plist; sourceTree = "<group>"; };
		E2B637FB10BA540800BF43E7 /* main.m */ = {isa = PBXFileReference; fileEncoding = 4; lastKnownFileType = sourcecode.c.objc; path = main.m; sourceTree = "<group>"; };
		E2B6380B10BA547D00BF43E7 /* main.m */ = {isa = PBXFileReference; fileEncoding = 4; lastKnownFileType = sourcecode.c.objc; path = main.m; sourceTree = "<group>"; };
		E2B6381310BA549800BF43E7 /* English */ = {isa = PBXFileReference; lastKnownFileType = file.xib; name = English; path = English.lproj/MainMenu.xib; sourceTree = "<group>"; };
		E2B6383510BA554000BF43E7 /* English */ = {isa = PBXFileReference; lastKnownFileType = file.xib; name = English; path = English.lproj/MyDocument.xib; sourceTree = "<group>"; };
		E2B6383710BA55AB00BF43E7 /* MyDocument.h */ = {isa = PBXFileReference; fileEncoding = 4; lastKnownFileType = sourcecode.c.h; path = MyDocument.h; sourceTree = "<group>"; };
		E2B6383810BA55AB00BF43E7 /* MyDocument.m */ = {isa = PBXFileReference; fileEncoding = 4; lastKnownFileType = sourcecode.c.objc; path = MyDocument.m; sourceTree = "<group>"; };
		E2D08E3F10BEA7C7004151B9 /* JavaScriptCore.framework */ = {isa = PBXFileReference; lastKnownFileType = wrapper.framework; name = JavaScriptCore.framework; path = System/Library/Frameworks/JavaScriptCore.framework; sourceTree = SDKROOT; };
/* End PBXFileReference section */

/* Begin PBXFrameworksBuildPhase section */
		8DD76F9B0486AA7600D96B5E /* Frameworks */ = {
			isa = PBXFrameworksBuildPhase;
			buildActionMask = 2147483647;
			files = (
				8DD76F9C0486AA7600D96B5E /* Foundation.framework in Frameworks */,
				E2D08E4010BEA7C7004151B9 /* JavaScriptCore.framework in Frameworks */,
			);
			runOnlyForDeploymentPostprocessing = 0;
		};
		E213426810BD054800023F41 /* Frameworks */ = {
			isa = PBXFrameworksBuildPhase;
			buildActionMask = 2147483647;
			files = (
				E213426910BD054800023F41 /* Foundation.framework in Frameworks */,
				E21AAB6F10C0D43F00471B14 /* JavaScriptCore.framework in Frameworks */,
			);
			runOnlyForDeploymentPostprocessing = 0;
		};
		E2B6371710BA536D00BF43E7 /* Frameworks */ = {
			isa = PBXFrameworksBuildPhase;
			buildActionMask = 2147483647;
			files = (
				E2B6372410BA539100BF43E7 /* Cocoa.framework in Frameworks */,
			);
			runOnlyForDeploymentPostprocessing = 0;
		};
/* End PBXFrameworksBuildPhase section */

/* Begin PBXGroup section */
		08FB7794FE84155DC02AAC07 /* Untitled */ = {
			isa = PBXGroup;
			children = (
				32A70AAB03705E1F00C91783 /* Prefix.pch */,
				E2903E3510C53F5100CE0DD9 /* Parser */,
				E2903E2610C53F5100CE0DD9 /* Languages */,
				E236880010C426FC00F5F923 /* JavaScriptBindings */,
				E2B637F410BA53CB00BF43E7 /* Application */,
				E2B637FA10BA540800BF43E7 /* Tool */,
				E213425210BD052800023F41 /* UnitTests */,
				08FB779DFE84155DC02AAC07 /* External Frameworks and Libraries */,
				1AB674ADFE9D54B511CA2CBB /* Products */,
			);
			name = Untitled;
			sourceTree = "<group>";
		};
		08FB779DFE84155DC02AAC07 /* External Frameworks and Libraries */ = {
			isa = PBXGroup;
			children = (
				E2B6372310BA539100BF43E7 /* Cocoa.framework */,
				08FB779EFE84155DC02AAC07 /* Foundation.framework */,
				E2D08E3F10BEA7C7004151B9 /* JavaScriptCore.framework */,
			);
			name = "External Frameworks and Libraries";
			sourceTree = "<group>";
		};
		1AB674ADFE9D54B511CA2CBB /* Products */ = {
			isa = PBXGroup;
			children = (
				8DD76FA10486AA7600D96B5E /* PolParser */,
				E2B6371910BA536D00BF43E7 /* PolParser.app */,
				E213426D10BD054800023F41 /* UnitTests */,
			);
			name = Products;
			sourceTree = "<group>";
		};
		E213425210BD052800023F41 /* UnitTests */ = {
			isa = PBXGroup;
			children = (
				E213425310BD052800023F41 /* main.m */,
				E2903E8E10C53FFE00CE0DD9 /* Parser */,
				E21AAB7810C0D45000471B14 /* JavaScriptBindings */,
			);
			path = UnitTests;
			sourceTree = "<group>";
		};
		E236880010C426FC00F5F923 /* JavaScriptBindings */ = {
			isa = PBXGroup;
			children = (
				E236883710C42BD900F5F923 /* JavaScriptBindings_Internal.h */,
				E236880C10C4270B00F5F923 /* JavaScriptBindings.h */,
				E236880110C426FC00F5F923 /* JavaScriptBindings.m */,
				E236881E10C427E100F5F923 /* ParserNodeBindings.m */,
				E236882A10C42A9F00F5F923 /* DictionaryBindings.m */,
			);
			path = JavaScriptBindings;
			sourceTree = "<group>";
		};
		E2903E2610C53F5100CE0DD9 /* Languages */ = {
			isa = PBXGroup;
			children = (
				E2903E2910C53F5100CE0DD9 /* ParserLanguage_C.h */,
				E2903E2A10C53F5100CE0DD9 /* ParserLanguage_C.m */,
				E2903E2B10C53F5100CE0DD9 /* ParserLanguage_CPP.h */,
				E2903E2C10C53F5100CE0DD9 /* ParserLanguage_CPP.m */,
				E250593710C79162007D0B9F /* ParserLanguage_CSV.h */,
				E250593810C79162007D0B9F /* ParserLanguage_CSV.m */,
				E2903E2D10C53F5100CE0DD9 /* ParserLanguage_HTML.h */,
				E2903E2E10C53F5100CE0DD9 /* ParserLanguage_HTML.m */,
				E28906C910C950ED0044693C /* ParserLanguage_JSON.h */,
				E28906CA10C950ED0044693C /* ParserLanguage_JSON.m */,
				E2903E2F10C53F5100CE0DD9 /* ParserLanguage_ObjC.h */,
				E2903E3010C53F5100CE0DD9 /* ParserLanguage_ObjC.m */,
				E2903E3110C53F5100CE0DD9 /* ParserLanguage_ObjCPP.h */,
				E2903E3210C53F5100CE0DD9 /* ParserLanguage_ObjCPP.m */,
				E2505BF710C7B4A3007D0B9F /* ParserLanguage_PropertyList.h */,
				E2505BF810C7B4A3007D0B9F /* ParserLanguage_PropertyList.m */,
				E2505BE610C7B3F3007D0B9F /* ParserLanguage_RSS.h */,
				E2505BE710C7B3F3007D0B9F /* ParserLanguage_RSS.m */,
				E25057DC10C655E6007D0B9F /* ParserLanguage_SGML.h */,
				E25057DD10C655E6007D0B9F /* ParserLanguage_SGML.m */,
				E289076610C958230044693C /* ParserLanguage_Text.h */,
				E289076710C958230044693C /* ParserLanguage_Text.m */,
				E2903E3310C53F5100CE0DD9 /* ParserLanguage_XML.h */,
				E2903E3410C53F5100CE0DD9 /* ParserLanguage_XML.m */,
			);
			path = Languages;
			sourceTree = "<group>";
		};
		E2903E3510C53F5100CE0DD9 /* Parser */ = {
			isa = PBXGroup;
			children = (
				E2903E3710C53F5100CE0DD9 /* Parser_Internal.h */,
				E2903E3A10C53F5100CE0DD9 /* ParserNode.h */,
				E2903E3B10C53F5100CE0DD9 /* ParserNode.m */,
				E2903E3810C53F5100CE0DD9 /* ParserLanguage.h */,
				E2903E3910C53F5100CE0DD9 /* ParserLanguage.m */,
				E28906F210C956060044693C /* ParserLanguageExtensions.h */,
				E28906F310C956060044693C /* ParserLanguageExtensions.m */,
			);
			path = Parser;
			sourceTree = "<group>";
		};
		E2B637F410BA53CB00BF43E7 /* Application */ = {
			isa = PBXGroup;
			children = (
				E2B6383710BA55AB00BF43E7 /* MyDocument.h */,
				E2B6383810BA55AB00BF43E7 /* MyDocument.m */,
				E2B6380B10BA547D00BF43E7 /* main.m */,
				E2B637F510BA53CB00BF43E7 /* Info.plist */,
				E2B6381210BA549800BF43E7 /* MainMenu.xib */,
				E2B6383410BA554000BF43E7 /* MyDocument.xib */,
			);
			path = Application;
			sourceTree = "<group>";
		};
		E2B637FA10BA540800BF43E7 /* Tool */ = {
			isa = PBXGroup;
			children = (
				E2B637FB10BA540800BF43E7 /* main.m */,
			);
			path = Tool;
			sourceTree = "<group>";
		};
/* End PBXGroup section */

/* Begin PBXNativeTarget section */
		8DD76F960486AA7600D96B5E /* PolParser [Tool] */ = {
			isa = PBXNativeTarget;
			buildConfigurationList = 1DEB927408733DD40010E9CD /* Build configuration list for PBXNativeTarget "PolParser [Tool]" */;
			buildPhases = (
				8DD76F990486AA7600D96B5E /* Sources */,
				8DD76F9B0486AA7600D96B5E /* Frameworks */,
			);
			buildRules = (
			);
			dependencies = (
			);
			name = "PolParser [Tool]";
			productInstallPath = "$(HOME)/bin";
			productName = Untitled;
			productReference = 8DD76FA10486AA7600D96B5E /* PolParser */;
			productType = "com.apple.product-type.tool";
		};
		E213425E10BD054800023F41 /* UnitTests */ = {
			isa = PBXNativeTarget;
			buildConfigurationList = E213426A10BD054800023F41 /* Build configuration list for PBXNativeTarget "UnitTests" */;
			buildPhases = (
				E213425F10BD054800023F41 /* Sources */,
				E213426810BD054800023F41 /* Frameworks */,
				E213428610BD064600023F41 /* CopyFiles */,
			);
			buildRules = (
			);
			dependencies = (
			);
			name = UnitTests;
			productInstallPath = "$(HOME)/bin";
			productName = Untitled;
			productReference = E213426D10BD054800023F41 /* UnitTests */;
			productType = "com.apple.product-type.tool";
		};
		E2B6371810BA536D00BF43E7 /* PolParser [Application] */ = {
			isa = PBXNativeTarget;
			buildConfigurationList = E2B6371E10BA536E00BF43E7 /* Build configuration list for PBXNativeTarget "PolParser [Application]" */;
			buildPhases = (
				E2B6371510BA536D00BF43E7 /* Resources */,
				E2B6371610BA536D00BF43E7 /* Sources */,
				E2B6371710BA536D00BF43E7 /* Frameworks */,
			);
			buildRules = (
			);
			dependencies = (
			);
			name = "PolParser [Application]";
			productName = PolParser;
			productReference = E2B6371910BA536D00BF43E7 /* PolParser.app */;
			productType = "com.apple.product-type.application";
		};
/* End PBXNativeTarget section */

/* Begin PBXProject section */
		08FB7793FE84155DC02AAC07 /* Project object */ = {
			isa = PBXProject;
			buildConfigurationList = 1DEB927808733DD40010E9CD /* Build configuration list for PBXProject "PolParser" */;
			compatibilityVersion = "Xcode 3.1";
			hasScannedForEncodings = 1;
			mainGroup = 08FB7794FE84155DC02AAC07 /* Untitled */;
			projectDirPath = "";
			projectRoot = "";
			targets = (
				E2B637DB10BA539F00BF43E7 /* Build All */,
				E213425E10BD054800023F41 /* UnitTests */,
				8DD76F960486AA7600D96B5E /* PolParser [Tool] */,
				E2B6371810BA536D00BF43E7 /* PolParser [Application] */,
			);
		};
/* End PBXProject section */

/* Begin PBXResourcesBuildPhase section */
		E2B6371510BA536D00BF43E7 /* Resources */ = {
			isa = PBXResourcesBuildPhase;
			buildActionMask = 2147483647;
			files = (
				E2B6381410BA549800BF43E7 /* MainMenu.xib in Resources */,
				E2B6383610BA554000BF43E7 /* MyDocument.xib in Resources */,
			);
			runOnlyForDeploymentPostprocessing = 0;
		};
/* End PBXResourcesBuildPhase section */

/* Begin PBXSourcesBuildPhase section */
		8DD76F990486AA7600D96B5E /* Sources */ = {
			isa = PBXSourcesBuildPhase;
			buildActionMask = 2147483647;
			files = (
				E2B637FC10BA540800BF43E7 /* main.m in Sources */,
				E236880310C426FC00F5F923 /* JavaScriptBindings.m in Sources */,
				E236881F10C427E100F5F923 /* ParserNodeBindings.m in Sources */,
				E236882B10C42A9F00F5F923 /* DictionaryBindings.m in Sources */,
				E2903E4610C53F5100CE0DD9 /* ParserLanguage_C.m in Sources */,
				E2903E4710C53F5100CE0DD9 /* ParserLanguage_CPP.m in Sources */,
				E2903E4810C53F5100CE0DD9 /* ParserLanguage_HTML.m in Sources */,
				E2903E4910C53F5100CE0DD9 /* ParserLanguage_ObjC.m in Sources */,
				E2903E4A10C53F5100CE0DD9 /* ParserLanguage_ObjCPP.m in Sources */,
				E2903E4B10C53F5100CE0DD9 /* ParserLanguage_XML.m in Sources */,
				E2903E4C10C53F5100CE0DD9 /* ParserLanguage.m in Sources */,
				E2903E4D10C53F5100CE0DD9 /* ParserNode.m in Sources */,
				E25057DF10C655E6007D0B9F /* ParserLanguage_SGML.m in Sources */,
				E250593A10C79162007D0B9F /* ParserLanguage_CSV.m in Sources */,
				E2505BE910C7B3F3007D0B9F /* ParserLanguage_RSS.m in Sources */,
				E2505BFA10C7B4A3007D0B9F /* ParserLanguage_PropertyList.m in Sources */,
				E28906CC10C950ED0044693C /* ParserLanguage_JSON.m in Sources */,
				E28906F510C956060044693C /* ParserLanguageExtensions.m in Sources */,
				E289076910C958230044693C /* ParserLanguage_Text.m in Sources */,
			);
			runOnlyForDeploymentPostprocessing = 0;
		};
		E213425F10BD054800023F41 /* Sources */ = {
			isa = PBXSourcesBuildPhase;
			buildActionMask = 2147483647;
			files = (
				E213427110BD056000023F41 /* main.m in Sources */,
				E236880210C426FC00F5F923 /* JavaScriptBindings.m in Sources */,
				E236882010C427E100F5F923 /* ParserNodeBindings.m in Sources */,
				E236882C10C42A9F00F5F923 /* DictionaryBindings.m in Sources */,
				E2903E3D10C53F5100CE0DD9 /* ParserLanguage_C.m in Sources */,
				E2903E3E10C53F5100CE0DD9 /* ParserLanguage_CPP.m in Sources */,
				E2903E3F10C53F5100CE0DD9 /* ParserLanguage_HTML.m in Sources */,
				E2903E4010C53F5100CE0DD9 /* ParserLanguage_ObjC.m in Sources */,
				E2903E4110C53F5100CE0DD9 /* ParserLanguage_ObjCPP.m in Sources */,
				E2903E4210C53F5100CE0DD9 /* ParserLanguage_XML.m in Sources */,
				E2903E4310C53F5100CE0DD9 /* ParserLanguage.m in Sources */,
				E2903E4410C53F5100CE0DD9 /* ParserNode.m in Sources */,
				E25057DE10C655E6007D0B9F /* ParserLanguage_SGML.m in Sources */,
				E250593910C79162007D0B9F /* ParserLanguage_CSV.m in Sources */,
				E2505BE810C7B3F3007D0B9F /* ParserLanguage_RSS.m in Sources */,
				E2505BF910C7B4A3007D0B9F /* ParserLanguage_PropertyList.m in Sources */,
				E28906CB10C950ED0044693C /* ParserLanguage_JSON.m in Sources */,
				E28906F410C956060044693C /* ParserLanguageExtensions.m in Sources */,
				E289076810C958230044693C /* ParserLanguage_Text.m in Sources */,
			);
			runOnlyForDeploymentPostprocessing = 0;
		};
		E2B6371610BA536D00BF43E7 /* Sources */ = {
			isa = PBXSourcesBuildPhase;
			buildActionMask = 2147483647;
			files = (
				E2B6380C10BA547D00BF43E7 /* main.m in Sources */,
				E2B6383910BA55AB00BF43E7 /* MyDocument.m in Sources */,
				E2903E4F10C53F5100CE0DD9 /* ParserLanguage_C.m in Sources */,
				E2903E5010C53F5100CE0DD9 /* ParserLanguage_CPP.m in Sources */,
				E2903E5110C53F5100CE0DD9 /* ParserLanguage_HTML.m in Sources */,
				E2903E5210C53F5100CE0DD9 /* ParserLanguage_ObjC.m in Sources */,
				E2903E5310C53F5100CE0DD9 /* ParserLanguage_ObjCPP.m in Sources */,
				E2903E5410C53F5100CE0DD9 /* ParserLanguage_XML.m in Sources */,
				E2903E5510C53F5100CE0DD9 /* ParserLanguage.m in Sources */,
				E2903E5610C53F5100CE0DD9 /* ParserNode.m in Sources */,
				E25057E010C655E6007D0B9F /* ParserLanguage_SGML.m in Sources */,
				E250593B10C79162007D0B9F /* ParserLanguage_CSV.m in Sources */,
				E2505BEA10C7B3F3007D0B9F /* ParserLanguage_RSS.m in Sources */,
				E2505BFB10C7B4A3007D0B9F /* ParserLanguage_PropertyList.m in Sources */,
				E28906CD10C950ED0044693C /* ParserLanguage_JSON.m in Sources */,
				E28906F610C956060044693C /* ParserLanguageExtensions.m in Sources */,
				E289076A10C958230044693C /* ParserLanguage_Text.m in Sources */,
			);
			runOnlyForDeploymentPostprocessing = 0;
		};
/* End PBXSourcesBuildPhase section */

/* Begin PBXTargetDependency section */
		E213427010BD055700023F41 /* PBXTargetDependency */ = {
			isa = PBXTargetDependency;
			target = E213425E10BD054800023F41 /* UnitTests */;
			targetProxy = E213426F10BD055700023F41 /* PBXContainerItemProxy */;
		};
		E2B637DF10BA53A900BF43E7 /* PBXTargetDependency */ = {
			isa = PBXTargetDependency;
			target = 8DD76F960486AA7600D96B5E /* PolParser [Tool] */;
			targetProxy = E2B637DE10BA53A900BF43E7 /* PBXContainerItemProxy */;
		};
		E2B637E110BA53AA00BF43E7 /* PBXTargetDependency */ = {
			isa = PBXTargetDependency;
			target = E2B6371810BA536D00BF43E7 /* PolParser [Application] */;
			targetProxy = E2B637E010BA53AA00BF43E7 /* PBXContainerItemProxy */;
		};
/* End PBXTargetDependency section */

/* Begin PBXVariantGroup section */
		E2B6381210BA549800BF43E7 /* MainMenu.xib */ = {
			isa = PBXVariantGroup;
			children = (
				E2B6381310BA549800BF43E7 /* English */,
			);
			name = MainMenu.xib;
			sourceTree = "<group>";
		};
		E2B6383410BA554000BF43E7 /* MyDocument.xib */ = {
			isa = PBXVariantGroup;
			children = (
				E2B6383510BA554000BF43E7 /* English */,
			);
			name = MyDocument.xib;
			sourceTree = "<group>";
		};
/* End PBXVariantGroup section */

/* Begin XCBuildConfiguration section */
		1DEB927508733DD40010E9CD /* Debug */ = {
			isa = XCBuildConfiguration;
			buildSettings = {
				GCC_PRECOMPILE_PREFIX_HEADER = YES;
				GCC_PREFIX_HEADER = Prefix.pch;
				PRODUCT_NAME = PolParser;
			};
			name = Debug;
		};
		1DEB927608733DD40010E9CD /* Release */ = {
			isa = XCBuildConfiguration;
			buildSettings = {
				GCC_PRECOMPILE_PREFIX_HEADER = YES;
				GCC_PREFIX_HEADER = Prefix.pch;
				PRODUCT_NAME = PolParser;
			};
			name = Release;
		};
		1DEB927908733DD40010E9CD /* Debug */ = {
			isa = XCBuildConfiguration;
			buildSettings = {
				ALWAYS_SEARCH_USER_PATHS = NO;
				ARCHS = "$(ARCHS_STANDARD_32_64_BIT)";
				GCC_C_LANGUAGE_STANDARD = gnu99;
				GCC_MODEL_TUNING = G5;
				GCC_OPTIMIZATION_LEVEL = 0;
				ONLY_ACTIVE_ARCH = YES;
				SDKROOT = macosx10.5;
				WARNING_CFLAGS = (
					"-Wall",
					"-Winline",
				);
			};
			name = Debug;
		};
		1DEB927A08733DD40010E9CD /* Release */ = {
			isa = XCBuildConfiguration;
			buildSettings = {
				ALWAYS_SEARCH_USER_PATHS = NO;
				ARCHS = "$(ARCHS_STANDARD_32_64_BIT)";
				DEBUG_INFORMATION_FORMAT = "dwarf-with-dsym";
				GCC_C_LANGUAGE_STANDARD = gnu99;
				GCC_MODEL_TUNING = G5;
				SDKROOT = macosx10.5;
				WARNING_CFLAGS = (
					"-Wall",
					"-Winline",
				);
			};
			name = Release;
		};
		E213426B10BD054800023F41 /* Debug */ = {
			isa = XCBuildConfiguration;
			buildSettings = {
				GCC_PRECOMPILE_PREFIX_HEADER = YES;
				GCC_PREFIX_HEADER = Prefix.pch;
				PRODUCT_NAME = UnitTests;
			};
			name = Debug;
		};
		E213426C10BD054800023F41 /* Release */ = {
			isa = XCBuildConfiguration;
			buildSettings = {
				GCC_PRECOMPILE_PREFIX_HEADER = YES;
				GCC_PREFIX_HEADER = Prefix.pch;
				PRODUCT_NAME = UnitTests;
			};
			name = Release;
		};
		E2B6371C10BA536E00BF43E7 /* Debug */ = {
			isa = XCBuildConfiguration;
			buildSettings = {
				GCC_PRECOMPILE_PREFIX_HEADER = YES;
				GCC_PREFIX_HEADER = Prefix.pch;
				INFOPLIST_FILE = Application/Info.plist;
				PRODUCT_NAME = PolParser;
			};
			name = Debug;
		};
		E2B6371D10BA536E00BF43E7 /* Release */ = {
			isa = XCBuildConfiguration;
			buildSettings = {
				GCC_PRECOMPILE_PREFIX_HEADER = YES;
				GCC_PREFIX_HEADER = Prefix.pch;
				INFOPLIST_FILE = Application/Info.plist;
				PRODUCT_NAME = PolParser;
			};
			name = Release;
		};
		E2B637DC10BA539F00BF43E7 /* Debug */ = {
			isa = XCBuildConfiguration;
			buildSettings = {
				PRODUCT_NAME = "Build All";
			};
			name = Debug;
		};
		E2B637DD10BA539F00BF43E7 /* Release */ = {
			isa = XCBuildConfiguration;
			buildSettings = {
				PRODUCT_NAME = "Build All";
			};
			name = Release;
		};
/* End XCBuildConfiguration section */

/* Begin XCConfigurationList section */
		1DEB927408733DD40010E9CD /* Build configuration list for PBXNativeTarget "PolParser [Tool]" */ = {
			isa = XCConfigurationList;
			buildConfigurations = (
				1DEB927508733DD40010E9CD /* Debug */,
				1DEB927608733DD40010E9CD /* Release */,
			);
			defaultConfigurationIsVisible = 0;
			defaultConfigurationName = Release;
		};
		1DEB927808733DD40010E9CD /* Build configuration list for PBXProject "PolParser" */ = {
			isa = XCConfigurationList;
			buildConfigurations = (
				1DEB927908733DD40010E9CD /* Debug */,
				1DEB927A08733DD40010E9CD /* Release */,
			);
			defaultConfigurationIsVisible = 0;
			defaultConfigurationName = Release;
		};
		E213426A10BD054800023F41 /* Build configuration list for PBXNativeTarget "UnitTests" */ = {
			isa = XCConfigurationList;
			buildConfigurations = (
				E213426B10BD054800023F41 /* Debug */,
				E213426C10BD054800023F41 /* Release */,
			);
			defaultConfigurationIsVisible = 0;
			defaultConfigurationName = Release;
		};
		E2B6371E10BA536E00BF43E7 /* Build configuration list for PBXNativeTarget "PolParser [Application]" */ = {
			isa = XCConfigurationList;
			buildConfigurations = (
				E2B6371C10BA536E00BF43E7 /* Debug */,
				E2B6371D10BA536E00BF43E7 /* Release */,
			);
			defaultConfigurationIsVisible = 0;
			defaultConfigurationName = Release;
		};
		E2B637F310BA53BA00BF43E7 /* Build configuration list for PBXAggregateTarget "Build All" */ = {
			isa = XCConfigurationList;
			buildConfigurations = (
				E2B637DC10BA539F00BF43E7 /* Debug */,
				E2B637DD10BA539F00BF43E7 /* Release */,
			);
			defaultConfigurationIsVisible = 0;
			defaultConfigurationName = Release;
		};
/* End XCConfigurationList section */
	};
	rootObject = 08FB7793FE84155DC02AAC07 /* Project object */;
}
